
Microsoft Visual Studio Solution File, Format Version 12.00
# Visual Studio Version 17
VisualStudioVersion = 17.11.35303.130
MinimumVisualStudioVersion = 10.0.40219.1
Project("{FAE04EC0-301F-11D3-BF4B-00C04F79EFBC}") = "ProductosApp", "ProductosApp\ProductosApp.csproj", "{ED348D63-E964-4363-97A4-8A886983273A}"
EndProject
Global
	GlobalSection(SolutionConfigurationPlatforms) = preSolution
		Debug|Any CPU = Debug|Any CPU
		Release|Any CPU = Release|Any CPU
	EndGlobalSection
	GlobalSection(ProjectConfigurationPlatforms) = postSolution
		{ED348D63-E964-4363-97A4-8A886983273A}.Debug|Any CPU.ActiveCfg = Debug|Any CPU
		{ED348D63-E964-4363-97A4-8A886983273A}.Debug|Any CPU.Build.0 = Debug|Any CPU
		{ED348D63-E964-4363-97A4-8A886983273A}.Release|Any CPU.ActiveCfg = Release|Any CPU
		{ED348D63-E964-4363-97A4-8A886983273A}.Release|Any CPU.Build.0 = Release|Any CPU
	EndGlobalSection
	GlobalSection(SolutionProperties) = preSolution
		HideSolutionNode = FALSE
	EndGlobalSection
	GlobalSection(ExtensibilityGlobals) = postSolution
		SolutionGuid = {2A9AD519-2D4A-4400-86E2-0526D8ABD368}
	EndGlobalSection
EndGlobal
