
Microsoft Visual Studio Solution File, Format Version 12.00
# Visual Studio Version 17
VisualStudioVersion = 17.11.35219.272
MinimumVisualStudioVersion = 10.0.40219.1
Project("{FAE04EC0-301F-11D3-BF4B-00C04F79EFBC}") = "EjercicioRegistro9", "EjercicioRegistro9\EjercicioRegistro9.csproj", "{37B6D184-6B48-42E3-92FD-4A926B0D7AAE}"
EndProject
Global
	GlobalSection(SolutionConfigurationPlatforms) = preSolution
		Debug|Any CPU = Debug|Any CPU
		Release|Any CPU = Release|Any CPU
	EndGlobalSection
	GlobalSection(ProjectConfigurationPlatforms) = postSolution
		{37B6D184-6B48-42E3-92FD-4A926B0D7AAE}.Debug|Any CPU.ActiveCfg = Debug|Any CPU
		{37B6D184-6B48-42E3-92FD-4A926B0D7AAE}.Debug|Any CPU.Build.0 = Debug|Any CPU
		{37B6D184-6B48-42E3-92FD-4A926B0D7AAE}.Release|Any CPU.ActiveCfg = Release|Any CPU
		{37B6D184-6B48-42E3-92FD-4A926B0D7AAE}.Release|Any CPU.Build.0 = Release|Any CPU
	EndGlobalSection
	GlobalSection(SolutionProperties) = preSolution
		HideSolutionNode = FALSE
	EndGlobalSection
	GlobalSection(ExtensibilityGlobals) = postSolution
		SolutionGuid = {7BDF7DC0-8D8A-4AA7-893C-826EF01F8270}
	EndGlobalSection
EndGlobal
